{
  "nodes": {
    "nixpkgs": {
      "locked": {
        "lastModified": 1727586919,
        "narHash": "sha256-e/YXG0tO5GWHDS8QQauj8aj4HhXEm602q9swrrlTlKQ=",
        "owner": "nixos",
        "repo": "nixpkgs",
        "rev": "2dcd9c55e8914017226f5948ac22c53872a13ee2",
        "type": "github"
      },
      "original": {
        "owner": "nixos",
        "ref": "nixpkgs-unstable",
        "repo": "nixpkgs",
        "type": "github"
      }
    },
    "root": {
      "inputs": {
        "nixpkgs": "nixpkgs"
      }
    }
  },
  "root": "root",
  "version": 7
}
